// !$*UTF8*$!
{
	archiveVersion = 1;
	classes = {
	};
	objectVersion = 46;
	objects = {

/* Begin PBXBuildFile section */
		156C17501E0206BB00101575 /* Updater.swift in Sources */ = {isa = PBXBuildFile; fileRef = 156C174F1E0206BB00101575 /* Updater.swift */; };
		156C17551E020B3200101575 /* Mime+Tools.swift in Sources */ = {isa = PBXBuildFile; fileRef = 156C17521E020B3200101575 /* Mime+Tools.swift */; };
		156C17561E020B3200101575 /* Mime.swift in Sources */ = {isa = PBXBuildFile; fileRef = 156C17531E020B3200101575 /* Mime.swift */; };
		156C17571E020B3200101575 /* MimeType.swift in Sources */ = {isa = PBXBuildFile; fileRef = 156C17541E020B3200101575 /* MimeType.swift */; };
		15FBD0631E01F3CE00E75B63 /* main.swift in Sources */ = {isa = PBXBuildFile; fileRef = 15FBD0621E01F3CE00E75B63 /* main.swift */; };
		15FBD06A1E01F41200E75B63 /* String+Tools.swift in Sources */ = {isa = PBXBuildFile; fileRef = 15FBD0691E01F41200E75B63 /* String+Tools.swift */; };
/* End PBXBuildFile section */

/* Begin PBXCopyFilesBuildPhase section */
		15FBD05D1E01F3CE00E75B63 /* CopyFiles */ = {
			isa = PBXCopyFilesBuildPhase;
			buildActionMask = 2147483647;
			dstPath = /usr/share/man/man1/;
			dstSubfolderSpec = 0;
			files = (
			);
			runOnlyForDeploymentPostprocessing = 1;
		};
/* End PBXCopyFilesBuildPhase section */

/* Begin PBXFileReference section */
		156C174F1E0206BB00101575 /* Updater.swift */ = {isa = PBXFileReference; fileEncoding = 4; lastKnownFileType = sourcecode.swift; path = Updater.swift; sourceTree = "<group>"; };
		156C17521E020B3200101575 /* Mime+Tools.swift */ = {isa = PBXFileReference; fileEncoding = 4; lastKnownFileType = sourcecode.swift; path = "Mime+Tools.swift"; sourceTree = "<group>"; };
		156C17531E020B3200101575 /* Mime.swift */ = {isa = PBXFileReference; fileEncoding = 4; lastKnownFileType = sourcecode.swift; path = Mime.swift; sourceTree = "<group>"; };
		156C17541E020B3200101575 /* MimeType.swift */ = {isa = PBXFileReference; fileEncoding = 4; lastKnownFileType = sourcecode.swift; path = MimeType.swift; sourceTree = "<group>"; };
		156C17581E020B7F00101575 /* LICENSE */ = {isa = PBXFileReference; fileEncoding = 4; lastKnownFileType = text; name = LICENSE; path = ../LICENSE; sourceTree = "<group>"; };
		156C17591E020B7F00101575 /* README.md */ = {isa = PBXFileReference; fileEncoding = 4; lastKnownFileType = net.daringfireball.markdown; name = README.md; path = ../README.md; sourceTree = "<group>"; };
		15FBD05F1E01F3CE00E75B63 /* MimeLibGenerator */ = {isa = PBXFileReference; explicitFileType = "compiled.mach-o.executable"; includeInIndex = 0; path = MimeLibGenerator; sourceTree = BUILT_PRODUCTS_DIR; };
		15FBD0621E01F3CE00E75B63 /* main.swift */ = {isa = PBXFileReference; lastKnownFileType = sourcecode.swift; path = main.swift; sourceTree = "<group>"; };
		15FBD0691E01F41200E75B63 /* String+Tools.swift */ = {isa = PBXFileReference; fileEncoding = 4; lastKnownFileType = sourcecode.swift; path = "String+Tools.swift"; sourceTree = "<group>"; };
/* End PBXFileReference section */

/* Begin PBXFrameworksBuildPhase section */
		15FBD05C1E01F3CE00E75B63 /* Frameworks */ = {
			isa = PBXFrameworksBuildPhase;
			buildActionMask = 2147483647;
			files = (
			);
			runOnlyForDeploymentPostprocessing = 0;
		};
/* End PBXFrameworksBuildPhase section */

/* Begin PBXGroup section */
		156C17511E020B3200101575 /* Sources */ = {
			isa = PBXGroup;
			children = (
				156C17521E020B3200101575 /* Mime+Tools.swift */,
				156C17531E020B3200101575 /* Mime.swift */,
				156C17541E020B3200101575 /* MimeType.swift */,
			);
			name = Sources;
			path = ../Sources;
			sourceTree = "<group>";
		};
		15FBD0561E01F3CE00E75B63 = {
			isa = PBXGroup;
			children = (
				156C17581E020B7F00101575 /* LICENSE */,
				156C17591E020B7F00101575 /* README.md */,
				156C17511E020B3200101575 /* Sources */,
				15FBD0611E01F3CE00E75B63 /* MimeLibGenerator */,
				15FBD0601E01F3CE00E75B63 /* Products */,
			);
			sourceTree = "<group>";
		};
		15FBD0601E01F3CE00E75B63 /* Products */ = {
			isa = PBXGroup;
			children = (
				15FBD05F1E01F3CE00E75B63 /* MimeLibGenerator */,
			);
			name = Products;
			sourceTree = "<group>";
		};
		15FBD0611E01F3CE00E75B63 /* MimeLibGenerator */ = {
			isa = PBXGroup;
			children = (
				15FBD0691E01F41200E75B63 /* String+Tools.swift */,
				15FBD0621E01F3CE00E75B63 /* main.swift */,
				156C174F1E0206BB00101575 /* Updater.swift */,
			);
			path = MimeLibGenerator;
			sourceTree = "<group>";
		};
/* End PBXGroup section */

/* Begin PBXNativeTarget section */
		15FBD05E1E01F3CE00E75B63 /* MimeLibGenerator */ = {
			isa = PBXNativeTarget;
			buildConfigurationList = 15FBD0661E01F3CE00E75B63 /* Build configuration list for PBXNativeTarget "MimeLibGenerator" */;
			buildPhases = (
				15FBD05B1E01F3CE00E75B63 /* Sources */,
				15FBD05C1E01F3CE00E75B63 /* Frameworks */,
				15FBD05D1E01F3CE00E75B63 /* CopyFiles */,
			);
			buildRules = (
			);
			dependencies = (
			);
			name = MimeLibGenerator;
			productName = MimeLibGenerator;
			productReference = 15FBD05F1E01F3CE00E75B63 /* MimeLibGenerator */;
			productType = "com.apple.product-type.tool";
		};
/* End PBXNativeTarget section */

/* Begin PBXProject section */
		15FBD0571E01F3CE00E75B63 /* Project object */ = {
			isa = PBXProject;
			attributes = {
				LastSwiftUpdateCheck = 0810;
				LastUpgradeCheck = 0810;
				ORGANIZATIONNAME = "manGoweb UK Ltd";
				TargetAttributes = {
					15FBD05E1E01F3CE00E75B63 = {
						CreatedOnToolsVersion = 8.1;
						DevelopmentTeam = 3R8ZGADY96;
						ProvisioningStyle = Automatic;
					};
				};
			};
			buildConfigurationList = 15FBD05A1E01F3CE00E75B63 /* Build configuration list for PBXProject "MimeLibGenerator" */;
			compatibilityVersion = "Xcode 3.2";
			developmentRegion = English;
			hasScannedForEncodings = 0;
			knownRegions = (
				en,
			);
			mainGroup = 15FBD0561E01F3CE00E75B63;
			productRefGroup = 15FBD0601E01F3CE00E75B63 /* Products */;
			projectDirPath = "";
			projectRoot = "";
			targets = (
				15FBD05E1E01F3CE00E75B63 /* MimeLibGenerator */,
			);
		};
/* End PBXProject section */

/* Begin PBXSourcesBuildPhase section */
		15FBD05B1E01F3CE00E75B63 /* Sources */ = {
			isa = PBXSourcesBuildPhase;
			buildActionMask = 2147483647;
			files = (
				15FBD06A1E01F41200E75B63 /* String+Tools.swift in Sources */,
				15FBD0631E01F3CE00E75B63 /* main.swift in Sources */,
				156C17501E0206BB00101575 /* Updater.swift in Sources */,
				156C17561E020B3200101575 /* Mime.swift in Sources */,
				156C17551E020B3200101575 /* Mime+Tools.swift in Sources */,
				156C17571E020B3200101575 /* MimeType.swift in Sources */,
			);
			runOnlyForDeploymentPostprocessing = 0;
		};
/* End PBXSourcesBuildPhase section */

/* Begin XCBuildConfiguration section */
		15FBD0641E01F3CE00E75B63 /* Debug */ = {
			isa = XCBuildConfiguration;
			buildSettings = {
				ALWAYS_SEARCH_USER_PATHS = NO;
				CLANG_ANALYZER_NONNULL = YES;
				CLANG_CXX_LANGUAGE_STANDARD = "gnu++0x";
				CLANG_CXX_LIBRARY = "libc++";
				CLANG_ENABLE_MODULES = YES;
				CLANG_ENABLE_OBJC_ARC = YES;
				CLANG_WARN_BOOL_CONVERSION = YES;
				CLANG_WARN_CONSTANT_CONVERSION = YES;
				CLANG_WARN_DIRECT_OBJC_ISA_USAGE = YES_ERROR;
				CLANG_WARN_DOCUMENTATION_COMMENTS = YES;
				CLANG_WARN_EMPTY_BODY = YES;
				CLANG_WARN_ENUM_CONVERSION = YES;
				CLANG_WARN_INFINITE_RECURSION = YES;
				CLANG_WARN_INT_CONVERSION = YES;
				CLANG_WARN_OBJC_ROOT_CLASS = YES_ERROR;
				CLANG_WARN_SUSPICIOUS_MOVES = YES;
				CLANG_WARN_UNREACHABLE_CODE = YES;
				CLANG_WARN__DUPLICATE_METHOD_MATCH = YES;
				CODE_SIGN_IDENTITY = "-";
				COPY_PHASE_STRIP = NO;
				DEBUG_INFORMATION_FORMAT = dwarf;
				ENABLE_STRICT_OBJC_MSGSEND = YES;
				ENABLE_TESTABILITY = YES;
				GCC_C_LANGUAGE_STANDARD = gnu99;
				GCC_DYNAMIC_NO_PIC = NO;
				GCC_NO_COMMON_BLOCKS = YES;
				GCC_OPTIMIZATION_LEVEL = 0;
				GCC_PREPROCESSOR_DEFINITIONS = (
					"DEBUG=1",
					"$(inherited)",
				);
				GCC_WARN_64_TO_32_BIT_CONVERSION = YES;
				GCC_WARN_ABOUT_RETURN_TYPE = YES_ERROR;
				GCC_WARN_UNDECLARED_SELECTOR = YES;
				GCC_WARN_UNINITIALIZED_AUTOS = YES_AGGRESSIVE;
				GCC_WARN_UNUSED_FUNCTION = YES;
				GCC_WARN_UNUSED_VARIABLE = YES;
				MACOSX_DEPLOYMENT_TARGET = 10.12;
				MTL_ENABLE_DEBUG_INFO = YES;
				ONLY_ACTIVE_ARCH = YES;
				SDKROOT = macosx;
				SWIFT_OPTIMIZATION_LEVEL = "-Onone";
			};
			name = Debug;
		};
		15FBD0651E01F3CE00E75B63 /* Release */ = {
			isa = XCBuildConfiguration;
			buildSettings = {
				ALWAYS_SEARCH_USER_PATHS = NO;
				CLANG_ANALYZER_NONNULL = YES;
				CLANG_CXX_LANGUAGE_STANDARD = "gnu++0x";
				CLANG_CXX_LIBRARY = "libc++";
				CLANG_ENABLE_MODULES = YES;
				CLANG_ENABLE_OBJC_ARC = YES;
				CLANG_WARN_BOOL_CONVERSION = YES;
				CLANG_WARN_CONSTANT_CONVERSION = YES;
				CLANG_WARN_DIRECT_OBJC_ISA_USAGE = YES_ERROR;
				CLANG_WARN_DOCUMENTATION_COMMENTS = YES;
				CLANG_WARN_EMPTY_BODY = YES;
				CLANG_WARN_ENUM_CONVERSION = YES;
				CLANG_WARN_INFINITE_RECURSION = YES;
				CLANG_WARN_INT_CONVERSION = YES;
				CLANG_WARN_OBJC_ROOT_CLASS = YES_ERROR;
				CLANG_WARN_SUSPICIOUS_MOVES = YES;
				CLANG_WARN_UNREACHABLE_CODE = YES;
				CLANG_WARN__DUPLICATE_METHOD_MATCH = YES;
				CODE_SIGN_IDENTITY = "-";
				COPY_PHASE_STRIP = NO;
				DEBUG_INFORMATION_FORMAT = "dwarf-with-dsym";
				ENABLE_NS_ASSERTIONS = NO;
				ENABLE_STRICT_OBJC_MSGSEND = YES;
				GCC_C_LANGUAGE_STANDARD = gnu99;
				GCC_NO_COMMON_BLOCKS = YES;
				GCC_WARN_64_TO_32_BIT_CONVERSION = YES;
				GCC_WARN_ABOUT_RETURN_TYPE = YES_ERROR;
				GCC_WARN_UNDECLARED_SELECTOR = YES;
				GCC_WARN_UNINITIALIZED_AUTOS = YES_AGGRESSIVE;
				GCC_WARN_UNUSED_FUNCTION = YES;
				GCC_WARN_UNUSED_VARIABLE = YES;
				MACOSX_DEPLOYMENT_TARGET = 10.12;
				MTL_ENABLE_DEBUG_INFO = NO;
				SDKROOT = macosx;
			};
			name = Release;
		};
		15FBD0671E01F3CE00E75B63 /* Debug */ = {
			isa = XCBuildConfiguration;
			buildSettings = {
				DEVELOPMENT_TEAM = 3R8ZGADY96;
				PRODUCT_NAME = "$(TARGET_NAME)";
				SWIFT_VERSION = 3.0;
			};
			name = Debug;
		};
		15FBD0681E01F3CE00E75B63 /* Release */ = {
			isa = XCBuildConfiguration;
			buildSettings = {
				DEVELOPMENT_TEAM = 3R8ZGADY96;
				PRODUCT_NAME = "$(TARGET_NAME)";
				SWIFT_VERSION = 3.0;
			};
			name = Release;
		};
/* End XCBuildConfiguration section */

/* Begin XCConfigurationList section */
		15FBD05A1E01F3CE00E75B63 /* Build configuration list for PBXProject "MimeLibGenerator" */ = {
			isa = XCConfigurationList;
			buildConfigurations = (
				15FBD0641E01F3CE00E75B63 /* Debug */,
				15FBD0651E01F3CE00E75B63 /* Release */,
			);
			defaultConfigurationIsVisible = 0;
			defaultConfigurationName = Release;
		};
		15FBD0661E01F3CE00E75B63 /* Build configuration list for PBXNativeTarget "MimeLibGenerator" */ = {
			isa = XCConfigurationList;
			buildConfigurations = (
				15FBD0671E01F3CE00E75B63 /* Debug */,
				15FBD0681E01F3CE00E75B63 /* Release */,
			);
			defaultConfigurationIsVisible = 0;
			defaultConfigurationName = Release;
		};
/* End XCConfigurationList section */
	};
	rootObject = 15FBD0571E01F3CE00E75B63 /* Project object */;
}
